
Microsoft Visual Studio Solution File, Format Version 12.00
# Visual Studio 15
VisualStudioVersion = 15.0.26124.0
MinimumVisualStudioVersion = 15.0.26124.0
Project("{FAE04EC0-301F-11D3-BF4B-00C04F79EFBC}") = "TinyEmbree", "TinyEmbree\TinyEmbree.csproj", "{09380050-0CE1-44BD-908D-D3B58584A1A0}"
EndProject
Project("{FAE04EC0-301F-11D3-BF4B-00C04F79EFBC}") = "TinyEmbree.Tests", "TinyEmbree.Tests\TinyEmbree.Tests.csproj", "{0DE1486E-708B-49CC-987E-9EF81C0D9631}"
EndProject
Project("{FAE04EC0-301F-11D3-BF4B-00C04F79EFBC}") = "Benchmark", "Benchmark\Benchmark.csproj", "{F998E0C2-CAB5-4971-83E0-CB6250692A17}"
EndProject
Global
	GlobalSection(SolutionConfigurationPlatforms) = preSolution
		Debug|Any CPU = Debug|Any CPU
		Debug|x64 = Debug|x64
		Debug|x86 = Debug|x86
		Release|Any CPU = Release|Any CPU
		Release|x64 = Release|x64
		Release|x86 = Release|x86
	EndGlobalSection
	GlobalSection(SolutionProperties) = preSolution
		HideSolutionNode = FALSE
	EndGlobalSection
	GlobalSection(ProjectConfigurationPlatforms) = postSolution
		{09380050-0CE1-44BD-908D-D3B58584A1A0}.Debug|Any CPU.ActiveCfg = Debug|Any CPU
		{09380050-0CE1-44BD-908D-D3B58584A1A0}.Debug|Any CPU.Build.0 = Debug|Any CPU
		{09380050-0CE1-44BD-908D-D3B58584A1A0}.Debug|x64.ActiveCfg = Debug|Any CPU
		{09380050-0CE1-44BD-908D-D3B58584A1A0}.Debug|x64.Build.0 = Debug|Any CPU
		{09380050-0CE1-44BD-908D-D3B58584A1A0}.Debug|x86.ActiveCfg = Debug|Any CPU
		{09380050-0CE1-44BD-908D-D3B58584A1A0}.Debug|x86.Build.0 = Debug|Any CPU
		{09380050-0CE1-44BD-908D-D3B58584A1A0}.Release|Any CPU.ActiveCfg = Release|Any CPU
		{09380050-0CE1-44BD-908D-D3B58584A1A0}.Release|Any CPU.Build.0 = Release|Any CPU
		{09380050-0CE1-44BD-908D-D3B58584A1A0}.Release|x64.ActiveCfg = Release|Any CPU
		{09380050-0CE1-44BD-908D-D3B58584A1A0}.Release|x64.Build.0 = Release|Any CPU
		{09380050-0CE1-44BD-908D-D3B58584A1A0}.Release|x86.ActiveCfg = Release|Any CPU
		{09380050-0CE1-44BD-908D-D3B58584A1A0}.Release|x86.Build.0 = Release|Any CPU
		{0DE1486E-708B-49CC-987E-9EF81C0D9631}.Debug|Any CPU.ActiveCfg = Debug|Any CPU
		{0DE1486E-708B-49CC-987E-9EF81C0D9631}.Debug|Any CPU.Build.0 = Debug|Any CPU
		{0DE1486E-708B-49CC-987E-9EF81C0D9631}.Debug|x64.ActiveCfg = Debug|Any CPU
		{0DE1486E-708B-49CC-987E-9EF81C0D9631}.Debug|x64.Build.0 = Debug|Any CPU
		{0DE1486E-708B-49CC-987E-9EF81C0D9631}.Debug|x86.ActiveCfg = Debug|Any CPU
		{0DE1486E-708B-49CC-987E-9EF81C0D9631}.Debug|x86.Build.0 = Debug|Any CPU
		{0DE1486E-708B-49CC-987E-9EF81C0D9631}.Release|Any CPU.ActiveCfg = Release|Any CPU
		{0DE1486E-708B-49CC-987E-9EF81C0D9631}.Release|Any CPU.Build.0 = Release|Any CPU
		{0DE1486E-708B-49CC-987E-9EF81C0D9631}.Release|x64.ActiveCfg = Release|Any CPU
		{0DE1486E-708B-49CC-987E-9EF81C0D9631}.Release|x64.Build.0 = Release|Any CPU
		{0DE1486E-708B-49CC-987E-9EF81C0D9631}.Release|x86.ActiveCfg = Release|Any CPU
		{0DE1486E-708B-49CC-987E-9EF81C0D9631}.Release|x86.Build.0 = Release|Any CPU
		{F998E0C2-CAB5-4971-83E0-CB6250692A17}.Debug|Any CPU.ActiveCfg = Debug|Any CPU
		{F998E0C2-CAB5-4971-83E0-CB6250692A17}.Debug|Any CPU.Build.0 = Debug|Any CPU
		{F998E0C2-CAB5-4971-83E0-CB6250692A17}.Debug|x64.ActiveCfg = Debug|Any CPU
		{F998E0C2-CAB5-4971-83E0-CB6250692A17}.Debug|x64.Build.0 = Debug|Any CPU
		{F998E0C2-CAB5-4971-83E0-CB6250692A17}.Debug|x86.ActiveCfg = Debug|Any CPU
		{F998E0C2-CAB5-4971-83E0-CB6250692A17}.Debug|x86.Build.0 = Debug|Any CPU
		{F998E0C2-CAB5-4971-83E0-CB6250692A17}.Release|Any CPU.ActiveCfg = Release|Any CPU
		{F998E0C2-CAB5-4971-83E0-CB6250692A17}.Release|Any CPU.Build.0 = Release|Any CPU
		{F998E0C2-CAB5-4971-83E0-CB6250692A17}.Release|x64.ActiveCfg = Release|Any CPU
		{F998E0C2-CAB5-4971-83E0-CB6250692A17}.Release|x64.Build.0 = Release|Any CPU
		{F998E0C2-CAB5-4971-83E0-CB6250692A17}.Release|x86.ActiveCfg = Release|Any CPU
		{F998E0C2-CAB5-4971-83E0-CB6250692A17}.Release|x86.Build.0 = Release|Any CPU
	EndGlobalSection
EndGlobal
